
Microsoft Visual Studio Solution File, Format Version 10.00
# Visual Studio 2008
Project("{FAE04EC0-301F-11D3-BF4B-00C04F79EFBC}") = "Songer", "Songer\Songer.csproj", "{890520DE-FEED-44D7-A673-5320DDB8B0B2}"
EndProject
Project("{2150E333-8FDC-42A3-9474-1A3956D46DE8}") = "Sounds", "Sounds", "{F9284B67-2C0F-438C-924F-1BE9740F0325}"
	ProjectSection(SolutionItems) = preProject
		Sounds\A.wav = Sounds\A.wav
		Sounds\Bm.wav = Sounds\Bm.wav
		Sounds\C.wav = Sounds\C.wav
		Sounds\Cm.wav = Sounds\Cm.wav
		Sounds\D.wav = Sounds\D.wav
		Sounds\D[]F#.wav = Sounds\D[]F#.wav
		Sounds\E.wav = Sounds\E.wav
		Sounds\F.wav = Sounds\F.wav
		Sounds\G.wav = Sounds\G.wav
		Sounds\MUS_EuNaoVouMePerdoar.wav = Sounds\MUS_EuNaoVouMePerdoar.wav
		Sounds\MUS_IncapazDePerdoar.wav = Sounds\MUS_IncapazDePerdoar.wav
		Sounds\MUS_Please.wav = Sounds\MUS_Please.wav
		Sounds\MUS_UmUltimoAdeus.wav = Sounds\MUS_UmUltimoAdeus.wav
		Sounds\MUS_VoceSempreSeArrepende.wav = Sounds\MUS_VoceSempreSeArrepende.wav
		Sounds\Seq1.wav = Sounds\Seq1.wav
		Sounds\Seq1Var.wav = Sounds\Seq1Var.wav
		Sounds\Seq2.wav = Sounds\Seq2.wav
		Sounds\Seq2Var.wav = Sounds\Seq2Var.wav
	EndProjectSection
EndProject
Project("{FAE04EC0-301F-11D3-BF4B-00C04F79EFBC}") = "Songer.SoundAnalysis", "Songer.SoundAnalysis\Songer.SoundAnalysis.csproj", "{60E8F932-BD9C-44BE-B76B-D8AD7560721A}"
EndProject
Project("{FAE04EC0-301F-11D3-BF4B-00C04F79EFBC}") = "Songer.SoundInput", "Songer.SoundInput\Songer.SoundInput.csproj", "{4A4CB233-46D6-454E-B7B4-91FE30139D79}"
EndProject
Project("{2150E333-8FDC-42A3-9474-1A3956D46DE8}") = "Documentos", "Documentos", "{FDA642E8-5C37-4C74-8D9A-BFE26DE1B172}"
	ProjectSection(SolutionItems) = preProject
		Documentos\Acompanhamento Mensal - Março.doc = Documentos\Acompanhamento Mensal - Março.doc
		Documentos\Cadastro.doc = Documentos\Cadastro.doc
		Documentos\DiagramasUML.vsd = Documentos\DiagramasUML.vsd
		Documentos\Manual_Proj_Final_anexos.doc = Documentos\Manual_Proj_Final_anexos.doc
		Documentos\Monografia.docx = Documentos\Monografia.docx
		Documentos\Proposta.doc = Documentos\Proposta.doc
	EndProjectSection
EndProject
Project("{FAE04EC0-301F-11D3-BF4B-00C04F79EFBC}") = "Songer.MusicalInterpreter", "Songer.MusicalInterpreter\Songer.MusicalInterpreter.csproj", "{42E2AB1C-6C71-4AED-8298-F657CD58A5AC}"
EndProject
Project("{FAE04EC0-301F-11D3-BF4B-00C04F79EFBC}") = "Songer.Database", "Songer.Database\Songer.Database.csproj", "{40185A99-F854-4AA0-BFB8-CC87D245C88E}"
EndProject
Global
	GlobalSection(SubversionScc) = preSolution
		Svn-Managed = True
		Manager = AnkhSVN - Subversion Support for Visual Studio
	EndGlobalSection
	GlobalSection(SolutionConfigurationPlatforms) = preSolution
		Debug|Any CPU = Debug|Any CPU
		Release|Any CPU = Release|Any CPU
	EndGlobalSection
	GlobalSection(ProjectConfigurationPlatforms) = postSolution
		{890520DE-FEED-44D7-A673-5320DDB8B0B2}.Debug|Any CPU.ActiveCfg = Debug|Any CPU
		{890520DE-FEED-44D7-A673-5320DDB8B0B2}.Debug|Any CPU.Build.0 = Debug|Any CPU
		{890520DE-FEED-44D7-A673-5320DDB8B0B2}.Release|Any CPU.ActiveCfg = Release|Any CPU
		{890520DE-FEED-44D7-A673-5320DDB8B0B2}.Release|Any CPU.Build.0 = Release|Any CPU
		{60E8F932-BD9C-44BE-B76B-D8AD7560721A}.Debug|Any CPU.ActiveCfg = Debug|Any CPU
		{60E8F932-BD9C-44BE-B76B-D8AD7560721A}.Debug|Any CPU.Build.0 = Debug|Any CPU
		{60E8F932-BD9C-44BE-B76B-D8AD7560721A}.Release|Any CPU.ActiveCfg = Release|Any CPU
		{60E8F932-BD9C-44BE-B76B-D8AD7560721A}.Release|Any CPU.Build.0 = Release|Any CPU
		{4A4CB233-46D6-454E-B7B4-91FE30139D79}.Debug|Any CPU.ActiveCfg = Debug|Any CPU
		{4A4CB233-46D6-454E-B7B4-91FE30139D79}.Debug|Any CPU.Build.0 = Debug|Any CPU
		{4A4CB233-46D6-454E-B7B4-91FE30139D79}.Release|Any CPU.ActiveCfg = Release|Any CPU
		{4A4CB233-46D6-454E-B7B4-91FE30139D79}.Release|Any CPU.Build.0 = Release|Any CPU
		{42E2AB1C-6C71-4AED-8298-F657CD58A5AC}.Debug|Any CPU.ActiveCfg = Debug|Any CPU
		{42E2AB1C-6C71-4AED-8298-F657CD58A5AC}.Debug|Any CPU.Build.0 = Debug|Any CPU
		{42E2AB1C-6C71-4AED-8298-F657CD58A5AC}.Release|Any CPU.ActiveCfg = Release|Any CPU
		{42E2AB1C-6C71-4AED-8298-F657CD58A5AC}.Release|Any CPU.Build.0 = Release|Any CPU
		{40185A99-F854-4AA0-BFB8-CC87D245C88E}.Debug|Any CPU.ActiveCfg = Debug|Any CPU
		{40185A99-F854-4AA0-BFB8-CC87D245C88E}.Debug|Any CPU.Build.0 = Debug|Any CPU
		{40185A99-F854-4AA0-BFB8-CC87D245C88E}.Release|Any CPU.ActiveCfg = Release|Any CPU
		{40185A99-F854-4AA0-BFB8-CC87D245C88E}.Release|Any CPU.Build.0 = Release|Any CPU
	EndGlobalSection
	GlobalSection(SolutionProperties) = preSolution
		HideSolutionNode = FALSE
	EndGlobalSection
EndGlobal
